// !$*UTF8*$!
{
	archiveVersion = 1;
	classes = {
	};
	objectVersion = 56;
	objects = {

/* Begin PBXBuildFile section */
		34096FFE29304D9A0011FDCF /* AppDelegate.swift in Sources */ = {isa = PBXBuildFile; fileRef = 34096FFD29304D9A0011FDCF /* AppDelegate.swift */; };
		3409700029304D9A0011FDCF /* SceneDelegate.swift in Sources */ = {isa = PBXBuildFile; fileRef = 34096FFF29304D9A0011FDCF /* SceneDelegate.swift */; };
		3409700229304D9A0011FDCF /* HomeVC.swift in Sources */ = {isa = PBXBuildFile; fileRef = 3409700129304D9A0011FDCF /* HomeVC.swift */; };
		3409700529304D9A0011FDCF /* Main.storyboard in Resources */ = {isa = PBXBuildFile; fileRef = 3409700329304D9A0011FDCF /* Main.storyboard */; };
		3409700729304D9C0011FDCF /* Assets.xcassets in Resources */ = {isa = PBXBuildFile; fileRef = 3409700629304D9C0011FDCF /* Assets.xcassets */; };
		3409700A29304D9C0011FDCF /* LaunchScreen.storyboard in Resources */ = {isa = PBXBuildFile; fileRef = 3409700829304D9C0011FDCF /* LaunchScreen.storyboard */; };
		3409701429304FD60011FDCF /* EmptyTableViewCell.swift in Sources */ = {isa = PBXBuildFile; fileRef = 3409701229304FD60011FDCF /* EmptyTableViewCell.swift */; };
		3409701529304FD60011FDCF /* EmptyTableViewCell.xib in Resources */ = {isa = PBXBuildFile; fileRef = 3409701329304FD60011FDCF /* EmptyTableViewCell.xib */; };
		3409701A293053410011FDCF /* PersonTableViewCell.swift in Sources */ = {isa = PBXBuildFile; fileRef = 34097018293053410011FDCF /* PersonTableViewCell.swift */; };
		3409701B293053410011FDCF /* PersonTableViewCell.xib in Resources */ = {isa = PBXBuildFile; fileRef = 34097019293053410011FDCF /* PersonTableViewCell.xib */; };
		3409701E2930548A0011FDCF /* Person.swift in Sources */ = {isa = PBXBuildFile; fileRef = 3409701D2930548A0011FDCF /* Person.swift */; };
		345E1C642936D89600C36B5B /* AlertController.swift in Sources */ = {isa = PBXBuildFile; fileRef = 345E1C632936D89600C36B5B /* AlertController.swift */; };
		345E1C682936E8FB00C36B5B /* HomeViewModel.swift in Sources */ = {isa = PBXBuildFile; fileRef = 345E1C672936E8FB00C36B5B /* HomeViewModel.swift */; };
/* End PBXBuildFile section */

/* Begin PBXFileReference section */
		34096FFA29304D9A0011FDCF /* RoletaBF348.app */ = {isa = PBXFileReference; explicitFileType = wrapper.application; includeInIndex = 0; path = RoletaBF348.app; sourceTree = BUILT_PRODUCTS_DIR; };
		34096FFD29304D9A0011FDCF /* AppDelegate.swift */ = {isa = PBXFileReference; lastKnownFileType = sourcecode.swift; path = AppDelegate.swift; sourceTree = "<group>"; };
		34096FFF29304D9A0011FDCF /* SceneDelegate.swift */ = {isa = PBXFileReference; lastKnownFileType = sourcecode.swift; path = SceneDelegate.swift; sourceTree = "<group>"; };
		3409700129304D9A0011FDCF /* HomeVC.swift */ = {isa = PBXFileReference; lastKnownFileType = sourcecode.swift; path = HomeVC.swift; sourceTree = "<group>"; };
		3409700429304D9A0011FDCF /* Base */ = {isa = PBXFileReference; lastKnownFileType = file.storyboard; name = Base; path = Base.lproj/Main.storyboard; sourceTree = "<group>"; };
		3409700629304D9C0011FDCF /* Assets.xcassets */ = {isa = PBXFileReference; lastKnownFileType = folder.assetcatalog; path = Assets.xcassets; sourceTree = "<group>"; };
		3409700929304D9C0011FDCF /* Base */ = {isa = PBXFileReference; lastKnownFileType = file.storyboard; name = Base; path = Base.lproj/LaunchScreen.storyboard; sourceTree = "<group>"; };
		3409700B29304D9C0011FDCF /* Info.plist */ = {isa = PBXFileReference; lastKnownFileType = text.plist.xml; path = Info.plist; sourceTree = "<group>"; };
		3409701229304FD60011FDCF /* EmptyTableViewCell.swift */ = {isa = PBXFileReference; lastKnownFileType = sourcecode.swift; path = EmptyTableViewCell.swift; sourceTree = "<group>"; };
		3409701329304FD60011FDCF /* EmptyTableViewCell.xib */ = {isa = PBXFileReference; lastKnownFileType = file.xib; path = EmptyTableViewCell.xib; sourceTree = "<group>"; };
		34097018293053410011FDCF /* PersonTableViewCell.swift */ = {isa = PBXFileReference; lastKnownFileType = sourcecode.swift; path = PersonTableViewCell.swift; sourceTree = "<group>"; };
		34097019293053410011FDCF /* PersonTableViewCell.xib */ = {isa = PBXFileReference; lastKnownFileType = file.xib; path = PersonTableViewCell.xib; sourceTree = "<group>"; };
		3409701D2930548A0011FDCF /* Person.swift */ = {isa = PBXFileReference; lastKnownFileType = sourcecode.swift; path = Person.swift; sourceTree = "<group>"; };
		345E1C632936D89600C36B5B /* AlertController.swift */ = {isa = PBXFileReference; lastKnownFileType = sourcecode.swift; path = AlertController.swift; sourceTree = "<group>"; };
		345E1C672936E8FB00C36B5B /* HomeViewModel.swift */ = {isa = PBXFileReference; lastKnownFileType = sourcecode.swift; path = HomeViewModel.swift; sourceTree = "<group>"; };
/* End PBXFileReference section */

/* Begin PBXFrameworksBuildPhase section */
		34096FF729304D9A0011FDCF /* Frameworks */ = {
			isa = PBXFrameworksBuildPhase;
			buildActionMask = 2147483647;
			files = (
			);
			runOnlyForDeploymentPostprocessing = 0;
		};
/* End PBXFrameworksBuildPhase section */

/* Begin PBXGroup section */
		34096FF129304D9A0011FDCF = {
			isa = PBXGroup;
			children = (
				34096FFC29304D9A0011FDCF /* RoletaBF348 */,
				34096FFB29304D9A0011FDCF /* Products */,
			);
			sourceTree = "<group>";
		};
		34096FFB29304D9A0011FDCF /* Products */ = {
			isa = PBXGroup;
			children = (
				34096FFA29304D9A0011FDCF /* RoletaBF348.app */,
			);
			name = Products;
			sourceTree = "<group>";
		};
		34096FFC29304D9A0011FDCF /* RoletaBF348 */ = {
			isa = PBXGroup;
			children = (
				345E1C652936E87600C36B5B /* Home */,
				345E1C622936D88200C36B5B /* Alert */,
				3409701C293054800011FDCF /* Model */,
				3409701129304FBE0011FDCF /* Cell */,
				34096FFD29304D9A0011FDCF /* AppDelegate.swift */,
				34096FFF29304D9A0011FDCF /* SceneDelegate.swift */,
				3409700329304D9A0011FDCF /* Main.storyboard */,
				3409700629304D9C0011FDCF /* Assets.xcassets */,
				3409700829304D9C0011FDCF /* LaunchScreen.storyboard */,
				3409700B29304D9C0011FDCF /* Info.plist */,
			);
			path = RoletaBF348;
			sourceTree = "<group>";
		};
		3409701129304FBE0011FDCF /* Cell */ = {
			isa = PBXGroup;
			children = (
				34097017293053040011FDCF /* Person */,
				34097016293052FA0011FDCF /* Empty */,
			);
			path = Cell;
			sourceTree = "<group>";
		};
		34097016293052FA0011FDCF /* Empty */ = {
			isa = PBXGroup;
			children = (
				3409701229304FD60011FDCF /* EmptyTableViewCell.swift */,
				3409701329304FD60011FDCF /* EmptyTableViewCell.xib */,
			);
			path = Empty;
			sourceTree = "<group>";
		};
		34097017293053040011FDCF /* Person */ = {
			isa = PBXGroup;
			children = (
				34097018293053410011FDCF /* PersonTableViewCell.swift */,
				34097019293053410011FDCF /* PersonTableViewCell.xib */,
			);
			path = Person;
			sourceTree = "<group>";
		};
		3409701C293054800011FDCF /* Model */ = {
			isa = PBXGroup;
			children = (
				3409701D2930548A0011FDCF /* Person.swift */,
			);
			path = Model;
			sourceTree = "<group>";
		};
		345E1C622936D88200C36B5B /* Alert */ = {
			isa = PBXGroup;
			children = (
				345E1C632936D89600C36B5B /* AlertController.swift */,
			);
			path = Alert;
			sourceTree = "<group>";
		};
		345E1C652936E87600C36B5B /* Home */ = {
			isa = PBXGroup;
			children = (
				3409700129304D9A0011FDCF /* HomeVC.swift */,
				345E1C662936E88400C36B5B /* ViewModel */,
			);
			path = Home;
			sourceTree = "<group>";
		};
		345E1C662936E88400C36B5B /* ViewModel */ = {
			isa = PBXGroup;
			children = (
				345E1C672936E8FB00C36B5B /* HomeViewModel.swift */,
			);
			path = ViewModel;
			sourceTree = "<group>";
		};
/* End PBXGroup section */

/* Begin PBXNativeTarget section */
		34096FF929304D9A0011FDCF /* RoletaBF348 */ = {
			isa = PBXNativeTarget;
			buildConfigurationList = 3409700E29304D9C0011FDCF /* Build configuration list for PBXNativeTarget "RoletaBF348" */;
			buildPhases = (
				34096FF629304D9A0011FDCF /* Sources */,
				34096FF729304D9A0011FDCF /* Frameworks */,
				34096FF829304D9A0011FDCF /* Resources */,
			);
			buildRules = (
			);
			dependencies = (
			);
			name = RoletaBF348;
			productName = RoletaBF348;
			productReference = 34096FFA29304D9A0011FDCF /* RoletaBF348.app */;
			productType = "com.apple.product-type.application";
		};
/* End PBXNativeTarget section */

/* Begin PBXProject section */
		34096FF229304D9A0011FDCF /* Project object */ = {
			isa = PBXProject;
			attributes = {
				BuildIndependentTargetsInParallel = 1;
				LastSwiftUpdateCheck = 1410;
				LastUpgradeCheck = 1410;
				TargetAttributes = {
					34096FF929304D9A0011FDCF = {
						CreatedOnToolsVersion = 14.1;
					};
				};
			};
			buildConfigurationList = 34096FF529304D9A0011FDCF /* Build configuration list for PBXProject "RoletaBF348" */;
			compatibilityVersion = "Xcode 14.0";
			developmentRegion = en;
			hasScannedForEncodings = 0;
			knownRegions = (
				en,
				Base,
			);
			mainGroup = 34096FF129304D9A0011FDCF;
			productRefGroup = 34096FFB29304D9A0011FDCF /* Products */;
			projectDirPath = "";
			projectRoot = "";
			targets = (
				34096FF929304D9A0011FDCF /* RoletaBF348 */,
			);
		};
/* End PBXProject section */

/* Begin PBXResourcesBuildPhase section */
		34096FF829304D9A0011FDCF /* Resources */ = {
			isa = PBXResourcesBuildPhase;
			buildActionMask = 2147483647;
			files = (
				3409700A29304D9C0011FDCF /* LaunchScreen.storyboard in Resources */,
				3409701529304FD60011FDCF /* EmptyTableViewCell.xib in Resources */,
				3409700729304D9C0011FDCF /* Assets.xcassets in Resources */,
				3409700529304D9A0011FDCF /* Main.storyboard in Resources */,
				3409701B293053410011FDCF /* PersonTableViewCell.xib in Resources */,
			);
			runOnlyForDeploymentPostprocessing = 0;
		};
/* End PBXResourcesBuildPhase section */

/* Begin PBXSourcesBuildPhase section */
		34096FF629304D9A0011FDCF /* Sources */ = {
			isa = PBXSourcesBuildPhase;
			buildActionMask = 2147483647;
			files = (
				3409701E2930548A0011FDCF /* Person.swift in Sources */,
				3409700229304D9A0011FDCF /* HomeVC.swift in Sources */,
				3409701429304FD60011FDCF /* EmptyTableViewCell.swift in Sources */,
				345E1C682936E8FB00C36B5B /* HomeViewModel.swift in Sources */,
				34096FFE29304D9A0011FDCF /* AppDelegate.swift in Sources */,
				345E1C642936D89600C36B5B /* AlertController.swift in Sources */,
				3409701A293053410011FDCF /* PersonTableViewCell.swift in Sources */,
				3409700029304D9A0011FDCF /* SceneDelegate.swift in Sources */,
			);
			runOnlyForDeploymentPostprocessing = 0;
		};
/* End PBXSourcesBuildPhase section */

/* Begin PBXVariantGroup section */
		3409700329304D9A0011FDCF /* Main.storyboard */ = {
			isa = PBXVariantGroup;
			children = (
				3409700429304D9A0011FDCF /* Base */,
			);
			name = Main.storyboard;
			sourceTree = "<group>";
		};
		3409700829304D9C0011FDCF /* LaunchScreen.storyboard */ = {
			isa = PBXVariantGroup;
			children = (
				3409700929304D9C0011FDCF /* Base */,
			);
			name = LaunchScreen.storyboard;
			sourceTree = "<group>";
		};
/* End PBXVariantGroup section */

/* Begin XCBuildConfiguration section */
		3409700C29304D9C0011FDCF /* Debug */ = {
			isa = XCBuildConfiguration;
			buildSettings = {
				ALWAYS_SEARCH_USER_PATHS = NO;
				CLANG_ANALYZER_NONNULL = YES;
				CLANG_ANALYZER_NUMBER_OBJECT_CONVERSION = YES_AGGRESSIVE;
				CLANG_CXX_LANGUAGE_STANDARD = "gnu++20";
				CLANG_ENABLE_MODULES = YES;
				CLANG_ENABLE_OBJC_ARC = YES;
				CLANG_ENABLE_OBJC_WEAK = YES;
				CLANG_WARN_BLOCK_CAPTURE_AUTORELEASING = YES;
				CLANG_WARN_BOOL_CONVERSION = YES;
				CLANG_WARN_COMMA = YES;
				CLANG_WARN_CONSTANT_CONVERSION = YES;
				CLANG_WARN_DEPRECATED_OBJC_IMPLEMENTATIONS = YES;
				CLANG_WARN_DIRECT_OBJC_ISA_USAGE = YES_ERROR;
				CLANG_WARN_DOCUMENTATION_COMMENTS = YES;
				CLANG_WARN_EMPTY_BODY = YES;
				CLANG_WARN_ENUM_CONVERSION = YES;
				CLANG_WARN_INFINITE_RECURSION = YES;
				CLANG_WARN_INT_CONVERSION = YES;
				CLANG_WARN_NON_LITERAL_NULL_CONVERSION = YES;
				CLANG_WARN_OBJC_IMPLICIT_RETAIN_SELF = YES;
				CLANG_WARN_OBJC_LITERAL_CONVERSION = YES;
				CLANG_WARN_OBJC_ROOT_CLASS = YES_ERROR;
				CLANG_WARN_QUOTED_INCLUDE_IN_FRAMEWORK_HEADER = YES;
				CLANG_WARN_RANGE_LOOP_ANALYSIS = YES;
				CLANG_WARN_STRICT_PROTOTYPES = YES;
				CLANG_WARN_SUSPICIOUS_MOVE = YES;
				CLANG_WARN_UNGUARDED_AVAILABILITY = YES_AGGRESSIVE;
				CLANG_WARN_UNREACHABLE_CODE = YES;
				CLANG_WARN__DUPLICATE_METHOD_MATCH = YES;
				COPY_PHASE_STRIP = NO;
				DEBUG_INFORMATION_FORMAT = dwarf;
				ENABLE_STRICT_OBJC_MSGSEND = YES;
				ENABLE_TESTABILITY = YES;
				GCC_C_LANGUAGE_STANDARD = gnu11;
				GCC_DYNAMIC_NO_PIC = NO;
				GCC_NO_COMMON_BLOCKS = YES;
				GCC_OPTIMIZATION_LEVEL = 0;
				GCC_PREPROCESSOR_DEFINITIONS = (
					"DEBUG=1",
					"$(inherited)",
				);
				GCC_WARN_64_TO_32_BIT_CONVERSION = YES;
				GCC_WARN_ABOUT_RETURN_TYPE = YES_ERROR;
				GCC_WARN_UNDECLARED_SELECTOR = YES;
				GCC_WARN_UNINITIALIZED_AUTOS = YES_AGGRESSIVE;
				GCC_WARN_UNUSED_FUNCTION = YES;
				GCC_WARN_UNUSED_VARIABLE = YES;
				IPHONEOS_DEPLOYMENT_TARGET = 16.1;
				MTL_ENABLE_DEBUG_INFO = INCLUDE_SOURCE;
				MTL_FAST_MATH = YES;
				ONLY_ACTIVE_ARCH = YES;
				SDKROOT = iphoneos;
				SWIFT_ACTIVE_COMPILATION_CONDITIONS = DEBUG;
				SWIFT_OPTIMIZATION_LEVEL = "-Onone";
			};
			name = Debug;
		};
		3409700D29304D9C0011FDCF /* Release */ = {
			isa = XCBuildConfiguration;
			buildSettings = {
				ALWAYS_SEARCH_USER_PATHS = NO;
				CLANG_ANALYZER_NONNULL = YES;
				CLANG_ANALYZER_NUMBER_OBJECT_CONVERSION = YES_AGGRESSIVE;
				CLANG_CXX_LANGUAGE_STANDARD = "gnu++20";
				CLANG_ENABLE_MODULES = YES;
				CLANG_ENABLE_OBJC_ARC = YES;
				CLANG_ENABLE_OBJC_WEAK = YES;
				CLANG_WARN_BLOCK_CAPTURE_AUTORELEASING = YES;
				CLANG_WARN_BOOL_CONVERSION = YES;
				CLANG_WARN_COMMA = YES;
				CLANG_WARN_CONSTANT_CONVERSION = YES;
				CLANG_WARN_DEPRECATED_OBJC_IMPLEMENTATIONS = YES;
				CLANG_WARN_DIRECT_OBJC_ISA_USAGE = YES_ERROR;
				CLANG_WARN_DOCUMENTATION_COMMENTS = YES;
				CLANG_WARN_EMPTY_BODY = YES;
				CLANG_WARN_ENUM_CONVERSION = YES;
				CLANG_WARN_INFINITE_RECURSION = YES;
				CLANG_WARN_INT_CONVERSION = YES;
				CLANG_WARN_NON_LITERAL_NULL_CONVERSION = YES;
				CLANG_WARN_OBJC_IMPLICIT_RETAIN_SELF = YES;
				CLANG_WARN_OBJC_LITERAL_CONVERSION = YES;
				CLANG_WARN_OBJC_ROOT_CLASS = YES_ERROR;
				CLANG_WARN_QUOTED_INCLUDE_IN_FRAMEWORK_HEADER = YES;
				CLANG_WARN_RANGE_LOOP_ANALYSIS = YES;
				CLANG_WARN_STRICT_PROTOTYPES = YES;
				CLANG_WARN_SUSPICIOUS_MOVE = YES;
				CLANG_WARN_UNGUARDED_AVAILABILITY = YES_AGGRESSIVE;
				CLANG_WARN_UNREACHABLE_CODE = YES;
				CLANG_WARN__DUPLICATE_METHOD_MATCH = YES;
				COPY_PHASE_STRIP = NO;
				DEBUG_INFORMATION_FORMAT = "dwarf-with-dsym";
				ENABLE_NS_ASSERTIONS = NO;
				ENABLE_STRICT_OBJC_MSGSEND = YES;
				GCC_C_LANGUAGE_STANDARD = gnu11;
				GCC_NO_COMMON_BLOCKS = YES;
				GCC_WARN_64_TO_32_BIT_CONVERSION = YES;
				GCC_WARN_ABOUT_RETURN_TYPE = YES_ERROR;
				GCC_WARN_UNDECLARED_SELECTOR = YES;
				GCC_WARN_UNINITIALIZED_AUTOS = YES_AGGRESSIVE;
				GCC_WARN_UNUSED_FUNCTION = YES;
				GCC_WARN_UNUSED_VARIABLE = YES;
				IPHONEOS_DEPLOYMENT_TARGET = 16.1;
				MTL_ENABLE_DEBUG_INFO = NO;
				MTL_FAST_MATH = YES;
				SDKROOT = iphoneos;
				SWIFT_COMPILATION_MODE = wholemodule;
				SWIFT_OPTIMIZATION_LEVEL = "-O";
				VALIDATE_PRODUCT = YES;
			};
			name = Release;
		};
		3409700F29304D9C0011FDCF /* Debug */ = {
			isa = XCBuildConfiguration;
			buildSettings = {
				ASSETCATALOG_COMPILER_APPICON_NAME = AppIcon;
				ASSETCATALOG_COMPILER_GLOBAL_ACCENT_COLOR_NAME = AccentColor;
				CODE_SIGN_STYLE = Automatic;
				CURRENT_PROJECT_VERSION = 1;
				GENERATE_INFOPLIST_FILE = YES;
				INFOPLIST_FILE = RoletaBF348/Info.plist;
				INFOPLIST_KEY_UIApplicationSupportsIndirectInputEvents = YES;
				INFOPLIST_KEY_UILaunchStoryboardName = LaunchScreen;
				INFOPLIST_KEY_UIMainStoryboardFile = Main;
				INFOPLIST_KEY_UISupportedInterfaceOrientations_iPad = "UIInterfaceOrientationPortrait UIInterfaceOrientationPortraitUpsideDown UIInterfaceOrientationLandscapeLeft UIInterfaceOrientationLandscapeRight";
				INFOPLIST_KEY_UISupportedInterfaceOrientations_iPhone = "UIInterfaceOrientationPortrait UIInterfaceOrientationLandscapeLeft UIInterfaceOrientationLandscapeRight";
				LD_RUNPATH_SEARCH_PATHS = (
					"$(inherited)",
					"@executable_path/Frameworks",
				);
				MARKETING_VERSION = 1.0;
				PRODUCT_BUNDLE_IDENTIFIER = backfront.RoletaBF348;
				PRODUCT_NAME = "$(TARGET_NAME)";
				SWIFT_EMIT_LOC_STRINGS = YES;
				SWIFT_VERSION = 5.0;
				TARGETED_DEVICE_FAMILY = "1,2";
			};
			name = Debug;
		};
		3409701029304D9C0011FDCF /* Release */ = {
			isa = XCBuildConfiguration;
			buildSettings = {
				ASSETCATALOG_COMPILER_APPICON_NAME = AppIcon;
				ASSETCATALOG_COMPILER_GLOBAL_ACCENT_COLOR_NAME = AccentColor;
				CODE_SIGN_STYLE = Automatic;
				CURRENT_PROJECT_VERSION = 1;
				GENERATE_INFOPLIST_FILE = YES;
				INFOPLIST_FILE = RoletaBF348/Info.plist;
				INFOPLIST_KEY_UIApplicationSupportsIndirectInputEvents = YES;
				INFOPLIST_KEY_UILaunchStoryboardName = LaunchScreen;
				INFOPLIST_KEY_UIMainStoryboardFile = Main;
				INFOPLIST_KEY_UISupportedInterfaceOrientations_iPad = "UIInterfaceOrientationPortrait UIInterfaceOrientationPortraitUpsideDown UIInterfaceOrientationLandscapeLeft UIInterfaceOrientationLandscapeRight";
				INFOPLIST_KEY_UISupportedInterfaceOrientations_iPhone = "UIInterfaceOrientationPortrait UIInterfaceOrientationLandscapeLeft UIInterfaceOrientationLandscapeRight";
				LD_RUNPATH_SEARCH_PATHS = (
					"$(inherited)",
					"@executable_path/Frameworks",
				);
				MARKETING_VERSION = 1.0;
				PRODUCT_BUNDLE_IDENTIFIER = backfront.RoletaBF348;
				PRODUCT_NAME = "$(TARGET_NAME)";
				SWIFT_EMIT_LOC_STRINGS = YES;
				SWIFT_VERSION = 5.0;
				TARGETED_DEVICE_FAMILY = "1,2";
			};
			name = Release;
		};
/* End XCBuildConfiguration section */

/* Begin XCConfigurationList section */
		34096FF529304D9A0011FDCF /* Build configuration list for PBXProject "RoletaBF348" */ = {
			isa = XCConfigurationList;
			buildConfigurations = (
				3409700C29304D9C0011FDCF /* Debug */,
				3409700D29304D9C0011FDCF /* Release */,
			);
			defaultConfigurationIsVisible = 0;
			defaultConfigurationName = Release;
		};
		3409700E29304D9C0011FDCF /* Build configuration list for PBXNativeTarget "RoletaBF348" */ = {
			isa = XCConfigurationList;
			buildConfigurations = (
				3409700F29304D9C0011FDCF /* Debug */,
				3409701029304D9C0011FDCF /* Release */,
			);
			defaultConfigurationIsVisible = 0;
			defaultConfigurationName = Release;
		};
/* End XCConfigurationList section */
	};
	rootObject = 34096FF229304D9A0011FDCF /* Project object */;
}
